{
  "requires": true,
  "lockfileVersion": 1,
  "dependencies": {
    "e-commerce_price": {
      "version": "1.0.3",
      "resolved": "https://registry.npmjs.org/e-commerce_price/-/e-commerce_price-1.0.3.tgz",
      "integrity": "sha512-r6eTjoWyYrD1814h0tzPi5gFnB6Lsg+rWKJJUvJZZ9FxWM8nNDHd/xi446oGBippvUufZ45V2eHl42zvQYf8/w=="
    },
    "goeasy": {
      "version": "2.2.7",
      "resolved": "https://registry.npmjs.org/goeasy/-/goeasy-2.2.7.tgz",
      "integrity": "sha512-q5vK0cYTaxhGZtcwnz1FKbT5jj/cDuBH0YLIjKaTXeJCbDXEBso1dLthU0pxNMmkj3phc9y9GKlS7iqzluTlSw=="
    },
    "moment": {
      "version": "2.29.1",
      "resolved": "https://registry.npmjs.org/moment/-/moment-2.29.1.tgz",
      "integrity": "sha512-kHmoybcPV8Sqy59DwNDY3Jefr64lK/by/da0ViFcuA4DH0vQg5Q6Ze5VimxkfQNSC+Mls/Kx53s7TjP1RhFEDQ=="
    }
  }
}
